
Microsoft Visual Studio Solution File, Format Version 12.00
# Visual Studio 2012
Project("{FAE04EC0-301F-11D3-BF4B-00C04F79EFBC}") = "InterviewConsole", "Interview\InterviewConsole.csproj", "{879B99D1-731C-40AC-902C-A212CD1C376E}"
EndProject
Project("{FAE04EC0-301F-11D3-BF4B-00C04F79EFBC}") = "InterviewLibrary", "InterviewLibrary\InterviewLibrary.csproj", "{52829AAF-9E46-4BA0-A4FA-5C8919B4314C}"
EndProject
Project("{FAE04EC0-301F-11D3-BF4B-00C04F79EFBC}") = "InterviewWpf", "InterviewWpf\InterviewWpf.csproj", "{5A5E788E-E2BA-4E84-881C-AE668E799942}"
EndProject
Global
	GlobalSection(SolutionConfigurationPlatforms) = preSolution
		Debug|Any CPU = Debug|Any CPU
		Release|Any CPU = Release|Any CPU
	EndGlobalSection
	GlobalSection(ProjectConfigurationPlatforms) = postSolution
		{879B99D1-731C-40AC-902C-A212CD1C376E}.Debug|Any CPU.ActiveCfg = Debug|Any CPU
		{879B99D1-731C-40AC-902C-A212CD1C376E}.Debug|Any CPU.Build.0 = Debug|Any CPU
		{879B99D1-731C-40AC-902C-A212CD1C376E}.Release|Any CPU.ActiveCfg = Release|Any CPU
		{879B99D1-731C-40AC-902C-A212CD1C376E}.Release|Any CPU.Build.0 = Release|Any CPU
		{52829AAF-9E46-4BA0-A4FA-5C8919B4314C}.Debug|Any CPU.ActiveCfg = Debug|Any CPU
		{52829AAF-9E46-4BA0-A4FA-5C8919B4314C}.Debug|Any CPU.Build.0 = Debug|Any CPU
		{52829AAF-9E46-4BA0-A4FA-5C8919B4314C}.Release|Any CPU.ActiveCfg = Release|Any CPU
		{52829AAF-9E46-4BA0-A4FA-5C8919B4314C}.Release|Any CPU.Build.0 = Release|Any CPU
		{5A5E788E-E2BA-4E84-881C-AE668E799942}.Debug|Any CPU.ActiveCfg = Debug|Any CPU
		{5A5E788E-E2BA-4E84-881C-AE668E799942}.Debug|Any CPU.Build.0 = Debug|Any CPU
		{5A5E788E-E2BA-4E84-881C-AE668E799942}.Release|Any CPU.ActiveCfg = Release|Any CPU
		{5A5E788E-E2BA-4E84-881C-AE668E799942}.Release|Any CPU.Build.0 = Release|Any CPU
	EndGlobalSection
	GlobalSection(SolutionProperties) = preSolution
		HideSolutionNode = FALSE
	EndGlobalSection
EndGlobal
